Microsoft Visual Studio Solution File, Format Version 12.00
# Visual Studio Version 17
VisualStudioVersion = 17.5.2.0
MinimumVisualStudioVersion = 10.0.40219.1
Project("{2150E333-8FDC-42A3-9474-1A3956D46DE8}") = "backend", "backend", "{1AE8ACA6-933B-BF2A-3671-3E2EAC007D16}"
EndProject
Project("{FAE04EC0-301F-11D3-BF4B-00C04F79EFBC}") = "ResearchManagement.Api", "backend\ResearchManagement.Api\ResearchManagement.Api.csproj", "{2ECAE19F-EED1-68B2-599A-117525983A2D}"
EndProject
Project("{FAE04EC0-301F-11D3-BF4B-00C04F79EFBC}") = "ResearchManagement.Tests", "backend\ResearchManagement.Tests\ResearchManagement.Tests.csproj", "{004E73E3-7D12-D52A-97A5-9EAF300998D0}"
EndProject
Global
	GlobalSection(SolutionConfigurationPlatforms) = preSolution
		Debug|Any CPU = Debug|Any CPU
		Release|Any CPU = Release|Any CPU
	EndGlobalSection
	GlobalSection(ProjectConfigurationPlatforms) = postSolution
		{2ECAE19F-EED1-68B2-599A-117525983A2D}.Debug|Any CPU.ActiveCfg = Debug|Any CPU
		{2ECAE19F-EED1-68B2-599A-117525983A2D}.Debug|Any CPU.Build.0 = Debug|Any CPU
		{2ECAE19F-EED1-68B2-599A-117525983A2D}.Release|Any CPU.ActiveCfg = Release|Any CPU
		{2ECAE19F-EED1-68B2-599A-117525983A2D}.Release|Any CPU.Build.0 = Release|Any CPU
		{004E73E3-7D12-D52A-97A5-9EAF300998D0}.Debug|Any CPU.ActiveCfg = Debug|Any CPU
		{004E73E3-7D12-D52A-97A5-9EAF300998D0}.Debug|Any CPU.Build.0 = Debug|Any CPU
		{004E73E3-7D12-D52A-97A5-9EAF300998D0}.Release|Any CPU.ActiveCfg = Release|Any CPU
		{004E73E3-7D12-D52A-97A5-9EAF300998D0}.Release|Any CPU.Build.0 = Release|Any CPU
	EndGlobalSection
	GlobalSection(SolutionProperties) = preSolution
		HideSolutionNode = FALSE
	EndGlobalSection
	GlobalSection(NestedProjects) = preSolution
		{2ECAE19F-EED1-68B2-599A-117525983A2D} = {1AE8ACA6-933B-BF2A-3671-3E2EAC007D16}
		{004E73E3-7D12-D52A-97A5-9EAF300998D0} = {1AE8ACA6-933B-BF2A-3671-3E2EAC007D16}
	EndGlobalSection
	GlobalSection(ExtensibilityGlobals) = postSolution
		SolutionGuid = {FAB68D67-667A-403E-9F4B-7550D3A5A3F4}
	EndGlobalSection
EndGlobal
