Microsoft Visual Studio Solution File, Format Version 12.00
# Visual Studio Version 17
VisualStudioVersion = 17.5.2.0
MinimumVisualStudioVersion = 10.0.40219.1
Project("{FAE04EC0-301F-11D3-BF4B-00C04F79EFBC}") = "ResearchManagement.Api", "ResearchManagement.Api\ResearchManagement.Api.csproj", "{D4FD6019-8A7A-04A2-E383-F91454304562}"
EndProject
Project("{FAE04EC0-301F-11D3-BF4B-00C04F79EFBC}") = "ResearchManagement.Tests", "ResearchManagement.Tests\ResearchManagement.Tests.csproj", "{99632F7B-F8A8-9A2B-A8DA-F7D02238DB92}"
EndProject
Global
	GlobalSection(SolutionConfigurationPlatforms) = preSolution
		Debug|Any CPU = Debug|Any CPU
		Release|Any CPU = Release|Any CPU
	EndGlobalSection
	GlobalSection(ProjectConfigurationPlatforms) = postSolution
		{D4FD6019-8A7A-04A2-E383-F91454304562}.Debug|Any CPU.ActiveCfg = Debug|Any CPU
		{D4FD6019-8A7A-04A2-E383-F91454304562}.Debug|Any CPU.Build.0 = Debug|Any CPU
		{D4FD6019-8A7A-04A2-E383-F91454304562}.Release|Any CPU.ActiveCfg = Release|Any CPU
		{D4FD6019-8A7A-04A2-E383-F91454304562}.Release|Any CPU.Build.0 = Release|Any CPU
		{99632F7B-F8A8-9A2B-A8DA-F7D02238DB92}.Debug|Any CPU.ActiveCfg = Debug|Any CPU
		{99632F7B-F8A8-9A2B-A8DA-F7D02238DB92}.Debug|Any CPU.Build.0 = Debug|Any CPU
		{99632F7B-F8A8-9A2B-A8DA-F7D02238DB92}.Release|Any CPU.ActiveCfg = Release|Any CPU
		{99632F7B-F8A8-9A2B-A8DA-F7D02238DB92}.Release|Any CPU.Build.0 = Release|Any CPU
	EndGlobalSection
	GlobalSection(SolutionProperties) = preSolution
		HideSolutionNode = FALSE
	EndGlobalSection
	GlobalSection(ExtensibilityGlobals) = postSolution
		SolutionGuid = {86BC9BAB-2E49-4012-9A9A-070D4F86DAD1}
	EndGlobalSection
EndGlobal
